
Microsoft Visual Studio Solution File, Format Version 12.00
# Visual Studio Version 16
VisualStudioVersion = 25.0.1706.3
MinimumVisualStudioVersion = 10.0.40219.1
Project("{FAE04EC0-301F-11D3-BF4B-00C04F79EFBC}") = "WEB_153502_KIRZNER", "WEB_153502_KIRZNER.csproj", "{7922D490-9BA8-4E36-9ADE-65B7B6094626}"
EndProject
Global
	GlobalSection(SolutionConfigurationPlatforms) = preSolution
		Debug|Any CPU = Debug|Any CPU
		Release|Any CPU = Release|Any CPU
	EndGlobalSection
	GlobalSection(ProjectConfigurationPlatforms) = postSolution
		{7922D490-9BA8-4E36-9ADE-65B7B6094626}.Debug|Any CPU.ActiveCfg = Debug|Any CPU
		{7922D490-9BA8-4E36-9ADE-65B7B6094626}.Debug|Any CPU.Build.0 = Debug|Any CPU
		{7922D490-9BA8-4E36-9ADE-65B7B6094626}.Release|Any CPU.ActiveCfg = Release|Any CPU
		{7922D490-9BA8-4E36-9ADE-65B7B6094626}.Release|Any CPU.Build.0 = Release|Any CPU
	EndGlobalSection
	GlobalSection(SolutionProperties) = preSolution
		HideSolutionNode = FALSE
	EndGlobalSection
	GlobalSection(ExtensibilityGlobals) = postSolution
		SolutionGuid = {3DF81BEB-EB33-4147-9301-C531FB619B8E}
	EndGlobalSection
EndGlobal
