
Microsoft Visual Studio Solution File, Format Version 12.00
# Visual Studio Version 16
VisualStudioVersion = 25.0.1706.3
MinimumVisualStudioVersion = 10.0.40219.1
Project("{FAE04EC0-301F-11D3-BF4B-00C04F79EFBC}") = "WEB_153502_KIRZNER", "WEB_153502_KIRZNER.csproj", "{7922D490-9BA8-4E36-9ADE-65B7B6094626}"
EndProject
Project("{FAE04EC0-301F-11D3-BF4B-00C04F79EFBC}") = "WEB_153502_KIRZNER.Domain", "..\WEB_153502_KIRZNER.Domain\WEB_153502_KIRZNER.Domain.csproj", "{75714A61-20D7-49D2-BDC4-D28789E5C301}"
EndProject
Project("{FAE04EC0-301F-11D3-BF4B-00C04F79EFBC}") = "WEB_153502_KIRZNER.API", "..\WEB_153502_KIRZNER.API\WEB_153502_KIRZNER.API.csproj", "{98C21E0E-DDA6-41E9-B0C1-FAD8B6300545}"
EndProject
Project("{FAE04EC0-301F-11D3-BF4B-00C04F79EFBC}") = "WEB_153502_KIRZNER.IdentityServer", "..\WEB_153502_KIRZNER.IdentityServer\WEB_153502_KIRZNER.IdentityServer.csproj", "{6753A68E-9562-4DD3-BD85-A2921CD1F1D0}"
EndProject
Project("{FAE04EC0-301F-11D3-BF4B-00C04F79EFBC}") = "WEB_153502_KIRZNER.Tests", "..\WEB_153502_KIRZNER.Tests\WEB_153502_KIRZNER.Tests.csproj", "{73D0682A-2359-4013-92BE-62B21ABE8EE1}"
EndProject
Global
	GlobalSection(SolutionConfigurationPlatforms) = preSolution
		Debug|Any CPU = Debug|Any CPU
		Release|Any CPU = Release|Any CPU
	EndGlobalSection
	GlobalSection(ProjectConfigurationPlatforms) = postSolution
		{7922D490-9BA8-4E36-9ADE-65B7B6094626}.Debug|Any CPU.ActiveCfg = Debug|Any CPU
		{7922D490-9BA8-4E36-9ADE-65B7B6094626}.Debug|Any CPU.Build.0 = Debug|Any CPU
		{7922D490-9BA8-4E36-9ADE-65B7B6094626}.Release|Any CPU.ActiveCfg = Release|Any CPU
		{7922D490-9BA8-4E36-9ADE-65B7B6094626}.Release|Any CPU.Build.0 = Release|Any CPU
		{75714A61-20D7-49D2-BDC4-D28789E5C301}.Debug|Any CPU.ActiveCfg = Debug|Any CPU
		{75714A61-20D7-49D2-BDC4-D28789E5C301}.Debug|Any CPU.Build.0 = Debug|Any CPU
		{75714A61-20D7-49D2-BDC4-D28789E5C301}.Release|Any CPU.ActiveCfg = Release|Any CPU
		{75714A61-20D7-49D2-BDC4-D28789E5C301}.Release|Any CPU.Build.0 = Release|Any CPU
		{98C21E0E-DDA6-41E9-B0C1-FAD8B6300545}.Debug|Any CPU.ActiveCfg = Debug|Any CPU
		{98C21E0E-DDA6-41E9-B0C1-FAD8B6300545}.Debug|Any CPU.Build.0 = Debug|Any CPU
		{98C21E0E-DDA6-41E9-B0C1-FAD8B6300545}.Release|Any CPU.ActiveCfg = Release|Any CPU
		{98C21E0E-DDA6-41E9-B0C1-FAD8B6300545}.Release|Any CPU.Build.0 = Release|Any CPU
		{6753A68E-9562-4DD3-BD85-A2921CD1F1D0}.Debug|Any CPU.ActiveCfg = Debug|Any CPU
		{6753A68E-9562-4DD3-BD85-A2921CD1F1D0}.Debug|Any CPU.Build.0 = Debug|Any CPU
		{6753A68E-9562-4DD3-BD85-A2921CD1F1D0}.Release|Any CPU.ActiveCfg = Release|Any CPU
		{6753A68E-9562-4DD3-BD85-A2921CD1F1D0}.Release|Any CPU.Build.0 = Release|Any CPU
		{73D0682A-2359-4013-92BE-62B21ABE8EE1}.Debug|Any CPU.ActiveCfg = Debug|Any CPU
		{73D0682A-2359-4013-92BE-62B21ABE8EE1}.Debug|Any CPU.Build.0 = Debug|Any CPU
		{73D0682A-2359-4013-92BE-62B21ABE8EE1}.Release|Any CPU.ActiveCfg = Release|Any CPU
		{73D0682A-2359-4013-92BE-62B21ABE8EE1}.Release|Any CPU.Build.0 = Release|Any CPU
	EndGlobalSection
	GlobalSection(SolutionProperties) = preSolution
		HideSolutionNode = FALSE
	EndGlobalSection
	GlobalSection(ExtensibilityGlobals) = postSolution
		SolutionGuid = {3DF81BEB-EB33-4147-9301-C531FB619B8E}
	EndGlobalSection
EndGlobal
